
Microsoft Visual Studio Solution File, Format Version 12.00
# Visual Studio Version 16
VisualStudioVersion = 16.0.31424.327
MinimumVisualStudioVersion = 10.0.40219.1
Project("{FAE04EC0-301F-11D3-BF4B-00C04F79EFBC}") = "Opacidad", "Opacidad\Opacidad.csproj", "{5CF698D0-D0E4-46F4-8FC6-0D9AE915CD84}"
EndProject
Global
	GlobalSection(SolutionConfigurationPlatforms) = preSolution
		Debug|Any CPU = Debug|Any CPU
		Release|Any CPU = Release|Any CPU
	EndGlobalSection
	GlobalSection(ProjectConfigurationPlatforms) = postSolution
		{5CF698D0-D0E4-46F4-8FC6-0D9AE915CD84}.Debug|Any CPU.ActiveCfg = Debug|Any CPU
		{5CF698D0-D0E4-46F4-8FC6-0D9AE915CD84}.Debug|Any CPU.Build.0 = Debug|Any CPU
		{5CF698D0-D0E4-46F4-8FC6-0D9AE915CD84}.Release|Any CPU.ActiveCfg = Release|Any CPU
		{5CF698D0-D0E4-46F4-8FC6-0D9AE915CD84}.Release|Any CPU.Build.0 = Release|Any CPU
	EndGlobalSection
	GlobalSection(SolutionProperties) = preSolution
		HideSolutionNode = FALSE
	EndGlobalSection
	GlobalSection(ExtensibilityGlobals) = postSolution
		SolutionGuid = {142A4350-0B96-4AAC-A6D1-02A38476DD0C}
	EndGlobalSection
EndGlobal
